
Microsoft Visual Studio Solution File, Format Version 12.00
# Visual Studio Version 17
VisualStudioVersion = 17.3.32922.545
MinimumVisualStudioVersion = 10.0.40219.1
Project("{FAE04EC0-301F-11D3-BF4B-00C04F79EFBC}") = "JOMQRTask", "JOMQRTask\JOMQRTask.csproj", "{741CF9C8-644B-4729-A97B-EA837DB78033}"
EndProject
Global
	GlobalSection(SolutionConfigurationPlatforms) = preSolution
		Debug|Any CPU = Debug|Any CPU
		Release|Any CPU = Release|Any CPU
	EndGlobalSection
	GlobalSection(ProjectConfigurationPlatforms) = postSolution
		{741CF9C8-644B-4729-A97B-EA837DB78033}.Debug|Any CPU.ActiveCfg = Debug|Any CPU
		{741CF9C8-644B-4729-A97B-EA837DB78033}.Debug|Any CPU.Build.0 = Debug|Any CPU
		{741CF9C8-644B-4729-A97B-EA837DB78033}.Release|Any CPU.ActiveCfg = Release|Any CPU
		{741CF9C8-644B-4729-A97B-EA837DB78033}.Release|Any CPU.Build.0 = Release|Any CPU
	EndGlobalSection
	GlobalSection(SolutionProperties) = preSolution
		HideSolutionNode = FALSE
	EndGlobalSection
	GlobalSection(ExtensibilityGlobals) = postSolution
		SolutionGuid = {862C5885-DB97-44F6-95AD-DE596B621979}
	EndGlobalSection
EndGlobal
